
Microsoft Visual Studio Solution File, Format Version 12.00
# Visual Studio 15
VisualStudioVersion = 15.0.27004.2009
MinimumVisualStudioVersion = 10.0.40219.1
Project("{8BC9CEB8-8B4A-11D0-8D11-00A0C91BC942}") = "Tetris", "Tetris\Tetris.vcxproj", "{6EE60C61-ACD8-4C07-8830-A9998FDDF0DC}"
EndProject
Global
	GlobalSection(SolutionConfigurationPlatforms) = preSolution
		Debug|x64 = Debug|x64
		Debug|x86 = Debug|x86
		Release|x64 = Release|x64
		Release|x86 = Release|x86
	EndGlobalSection
	GlobalSection(ProjectConfigurationPlatforms) = postSolution
		{6EE60C61-ACD8-4C07-8830-A9998FDDF0DC}.Debug|x64.ActiveCfg = Debug|x64
		{6EE60C61-ACD8-4C07-8830-A9998FDDF0DC}.Debug|x64.Build.0 = Debug|x64
		{6EE60C61-ACD8-4C07-8830-A9998FDDF0DC}.Debug|x86.ActiveCfg = Debug|Win32
		{6EE60C61-ACD8-4C07-8830-A9998FDDF0DC}.Debug|x86.Build.0 = Debug|Win32
		{6EE60C61-ACD8-4C07-8830-A9998FDDF0DC}.Release|x64.ActiveCfg = Release|x64
		{6EE60C61-ACD8-4C07-8830-A9998FDDF0DC}.Release|x64.Build.0 = Release|x64
		{6EE60C61-ACD8-4C07-8830-A9998FDDF0DC}.Release|x86.ActiveCfg = Release|Win32
		{6EE60C61-ACD8-4C07-8830-A9998FDDF0DC}.Release|x86.Build.0 = Release|Win32
	EndGlobalSection
	GlobalSection(SolutionProperties) = preSolution
		HideSolutionNode = FALSE
	EndGlobalSection
	GlobalSection(ExtensibilityGlobals) = postSolution
		SolutionGuid = {4411A668-8DAA-4115-9B5F-51132BCD09F0}
	EndGlobalSection
EndGlobal
